
Microsoft Visual Studio Solution File, Format Version 12.00
# Visual Studio 2013
VisualStudioVersion = 12.0.30501.0
MinimumVisualStudioVersion = 10.0.40219.1
Project("{FAE04EC0-301F-11D3-BF4B-00C04F79EFBC}") = "Ps3Debugger", "Ps3Debugger\Ps3Debugger.csproj", "{3AB51409-95E9-4F44-BC3E-E5F233B5A5E3}"
EndProject
Global
	GlobalSection(SolutionConfigurationPlatforms) = preSolution
		Debug|Any CPU = Debug|Any CPU
		Release|Any CPU = Release|Any CPU
	EndGlobalSection
	GlobalSection(ProjectConfigurationPlatforms) = postSolution
		{3AB51409-95E9-4F44-BC3E-E5F233B5A5E3}.Debug|Any CPU.ActiveCfg = Debug|Any CPU
		{3AB51409-95E9-4F44-BC3E-E5F233B5A5E3}.Debug|Any CPU.Build.0 = Debug|Any CPU
		{3AB51409-95E9-4F44-BC3E-E5F233B5A5E3}.Release|Any CPU.ActiveCfg = Release|Any CPU
		{3AB51409-95E9-4F44-BC3E-E5F233B5A5E3}.Release|Any CPU.Build.0 = Release|Any CPU
	EndGlobalSection
	GlobalSection(SolutionProperties) = preSolution
		HideSolutionNode = FALSE
	EndGlobalSection
EndGlobal
